
Microsoft Visual Studio Solution File, Format Version 12.00
# Visual Studio 2013
VisualStudioVersion = 12.0.30723.0
MinimumVisualStudioVersion = 10.0.40219.1
Project("{FAE04EC0-301F-11D3-BF4B-00C04F79EFBC}") = "Mocking", "Mocking\Mocking.csproj", "{5C54FA2E-CB97-458F-83D3-D3178FD95CE5}"
EndProject
Project("{FAE04EC0-301F-11D3-BF4B-00C04F79EFBC}") = "DOCLib", "DOCLib\DOCLib.csproj", "{09CC9071-B8B1-4348-97DE-1568EEEEAF32}"
EndProject
Project("{FAE04EC0-301F-11D3-BF4B-00C04F79EFBC}") = "DOCLib.Test", "DOCLib.Test\DOCLib.Test.csproj", "{E8FB27CB-D73B-45B9-B598-359BD93C38A7}"
EndProject
Global
	GlobalSection(SolutionConfigurationPlatforms) = preSolution
		Debug|Any CPU = Debug|Any CPU
		Release|Any CPU = Release|Any CPU
	EndGlobalSection
	GlobalSection(ProjectConfigurationPlatforms) = postSolution
		{5C54FA2E-CB97-458F-83D3-D3178FD95CE5}.Debug|Any CPU.ActiveCfg = Debug|Any CPU
		{5C54FA2E-CB97-458F-83D3-D3178FD95CE5}.Debug|Any CPU.Build.0 = Debug|Any CPU
		{5C54FA2E-CB97-458F-83D3-D3178FD95CE5}.Release|Any CPU.ActiveCfg = Release|Any CPU
		{5C54FA2E-CB97-458F-83D3-D3178FD95CE5}.Release|Any CPU.Build.0 = Release|Any CPU
		{09CC9071-B8B1-4348-97DE-1568EEEEAF32}.Debug|Any CPU.ActiveCfg = Debug|Any CPU
		{09CC9071-B8B1-4348-97DE-1568EEEEAF32}.Debug|Any CPU.Build.0 = Debug|Any CPU
		{09CC9071-B8B1-4348-97DE-1568EEEEAF32}.Release|Any CPU.ActiveCfg = Release|Any CPU
		{09CC9071-B8B1-4348-97DE-1568EEEEAF32}.Release|Any CPU.Build.0 = Release|Any CPU
		{E8FB27CB-D73B-45B9-B598-359BD93C38A7}.Debug|Any CPU.ActiveCfg = Debug|Any CPU
		{E8FB27CB-D73B-45B9-B598-359BD93C38A7}.Debug|Any CPU.Build.0 = Debug|Any CPU
		{E8FB27CB-D73B-45B9-B598-359BD93C38A7}.Release|Any CPU.ActiveCfg = Release|Any CPU
		{E8FB27CB-D73B-45B9-B598-359BD93C38A7}.Release|Any CPU.Build.0 = Release|Any CPU
	EndGlobalSection
	GlobalSection(SolutionProperties) = preSolution
		HideSolutionNode = FALSE
	EndGlobalSection
EndGlobal
