
Microsoft Visual Studio Solution File, Format Version 12.00
# Visual Studio 2012
Project("{FAE04EC0-301F-11D3-BF4B-00C04F79EFBC}") = "TodoWeb", "TodoWeb\TodoWeb.csproj", "{AEB84AAB-F18E-422B-A182-5A88623E5EA0}"
EndProject
Project("{FAE04EC0-301F-11D3-BF4B-00C04F79EFBC}") = "AbstractConfigurationManager", "AbstractConfigurationManager\AbstractConfigurationManager.csproj", "{4049F353-A3D2-4B82-BF5A-25578717F904}"
EndProject
Project("{FAE04EC0-301F-11D3-BF4B-00C04F79EFBC}") = "ConfigurationManagerWrapper", "ConfigurationManagerWrapper\ConfigurationManagerWrapper.csproj", "{66CDCDC4-9F60-4F9B-9E31-4E23B76BD146}"
EndProject
Project("{FAE04EC0-301F-11D3-BF4B-00C04F79EFBC}") = "Exceptions", "Exceptions\Exceptions.csproj", "{3B03CAF2-AC3B-4682-9C76-9AA9F4A25321}"
EndProject
Project("{FAE04EC0-301F-11D3-BF4B-00C04F79EFBC}") = "FileRepository", "FileRepository\FileRepository.csproj", "{DDA7CF44-49A9-4E92-BA4F-65488C003CEF}"
EndProject
Project("{FAE04EC0-301F-11D3-BF4B-00C04F79EFBC}") = "FileSystemInterfaces", "FileSystemInterfaces\FileSystemInterfaces.csproj", "{675BEBA7-9580-4B39-96FC-5E0ED60D9CD6}"
EndProject
Project("{FAE04EC0-301F-11D3-BF4B-00C04F79EFBC}") = "Repository", "Repository\Repository.csproj", "{6B41D66F-0003-45EC-9692-023F9FCA62E8}"
EndProject
Project("{FAE04EC0-301F-11D3-BF4B-00C04F79EFBC}") = "Serialization", "Serialization\Serialization.csproj", "{CFD08804-A078-4D4E-80AF-8A9153B3A55E}"
EndProject
Project("{FAE04EC0-301F-11D3-BF4B-00C04F79EFBC}") = "ServiceInterfaces", "ServiceInterfaces\ServiceInterfaces.csproj", "{4E597FB7-4706-45E2-9F9F-BAED246F06C4}"
EndProject
Project("{FAE04EC0-301F-11D3-BF4B-00C04F79EFBC}") = "Entities", "Entities\Entities.csproj", "{AEE76B68-8EE3-49A1-8AED-809288568D64}"
EndProject
Project("{FAE04EC0-301F-11D3-BF4B-00C04F79EFBC}") = "TodoRepository", "TodoRepository\TodoRepository.csproj", "{25AE1B5A-F475-4C2B-923D-7351EA677D51}"
EndProject
Project("{FAE04EC0-301F-11D3-BF4B-00C04F79EFBC}") = "SystemFileAdapter", "SystemFileAdapter\SystemFileAdapter.csproj", "{98DE4FCF-B1B1-4A1A-90E4-F4D29D341585}"
EndProject
Project("{FAE04EC0-301F-11D3-BF4B-00C04F79EFBC}") = "Services", "Services\Services.csproj", "{EA58BDDA-34F5-4B48-B2F3-4E4CCE2B66EE}"
EndProject
Project("{2150E333-8FDC-42A3-9474-1A3956D46DE8}") = "UnitTests", "UnitTests", "{6AE7F560-17C9-4D76-B9AC-D8FCD58BDA93}"
EndProject
Project("{FAE04EC0-301F-11D3-BF4B-00C04F79EFBC}") = "TodoWebTests", "UnitTests\TodoWebTests\TodoWebTests.csproj", "{26429E35-64CC-4E1E-ABD1-BF08AEA9D986}"
EndProject
Global
	GlobalSection(SolutionConfigurationPlatforms) = preSolution
		Acceptance|Any CPU = Acceptance|Any CPU
		Debug|Any CPU = Debug|Any CPU
		Live|Any CPU = Live|Any CPU
		Release|Any CPU = Release|Any CPU
		Staging|Any CPU = Staging|Any CPU
		Test|Any CPU = Test|Any CPU
		WithRestServices|Any CPU = WithRestServices|Any CPU
	EndGlobalSection
	GlobalSection(ProjectConfigurationPlatforms) = postSolution
		{AEB84AAB-F18E-422B-A182-5A88623E5EA0}.Acceptance|Any CPU.ActiveCfg = Release|Any CPU
		{AEB84AAB-F18E-422B-A182-5A88623E5EA0}.Acceptance|Any CPU.Build.0 = Release|Any CPU
		{AEB84AAB-F18E-422B-A182-5A88623E5EA0}.Debug|Any CPU.ActiveCfg = Debug|Any CPU
		{AEB84AAB-F18E-422B-A182-5A88623E5EA0}.Debug|Any CPU.Build.0 = Debug|Any CPU
		{AEB84AAB-F18E-422B-A182-5A88623E5EA0}.Live|Any CPU.ActiveCfg = Release|Any CPU
		{AEB84AAB-F18E-422B-A182-5A88623E5EA0}.Live|Any CPU.Build.0 = Release|Any CPU
		{AEB84AAB-F18E-422B-A182-5A88623E5EA0}.Release|Any CPU.ActiveCfg = Release|Any CPU
		{AEB84AAB-F18E-422B-A182-5A88623E5EA0}.Release|Any CPU.Build.0 = Release|Any CPU
		{AEB84AAB-F18E-422B-A182-5A88623E5EA0}.Staging|Any CPU.ActiveCfg = Release|Any CPU
		{AEB84AAB-F18E-422B-A182-5A88623E5EA0}.Staging|Any CPU.Build.0 = Release|Any CPU
		{AEB84AAB-F18E-422B-A182-5A88623E5EA0}.Test|Any CPU.ActiveCfg = Release|Any CPU
		{AEB84AAB-F18E-422B-A182-5A88623E5EA0}.Test|Any CPU.Build.0 = Release|Any CPU
		{AEB84AAB-F18E-422B-A182-5A88623E5EA0}.WithRestServices|Any CPU.ActiveCfg = Release|Any CPU
		{AEB84AAB-F18E-422B-A182-5A88623E5EA0}.WithRestServices|Any CPU.Build.0 = Release|Any CPU
		{4049F353-A3D2-4B82-BF5A-25578717F904}.Acceptance|Any CPU.ActiveCfg = Test|Any CPU
		{4049F353-A3D2-4B82-BF5A-25578717F904}.Acceptance|Any CPU.Build.0 = Test|Any CPU
		{4049F353-A3D2-4B82-BF5A-25578717F904}.Debug|Any CPU.ActiveCfg = Debug|Any CPU
		{4049F353-A3D2-4B82-BF5A-25578717F904}.Debug|Any CPU.Build.0 = Debug|Any CPU
		{4049F353-A3D2-4B82-BF5A-25578717F904}.Live|Any CPU.ActiveCfg = Live|Any CPU
		{4049F353-A3D2-4B82-BF5A-25578717F904}.Live|Any CPU.Build.0 = Live|Any CPU
		{4049F353-A3D2-4B82-BF5A-25578717F904}.Release|Any CPU.ActiveCfg = Release|Any CPU
		{4049F353-A3D2-4B82-BF5A-25578717F904}.Release|Any CPU.Build.0 = Release|Any CPU
		{4049F353-A3D2-4B82-BF5A-25578717F904}.Staging|Any CPU.ActiveCfg = Test|Any CPU
		{4049F353-A3D2-4B82-BF5A-25578717F904}.Staging|Any CPU.Build.0 = Test|Any CPU
		{4049F353-A3D2-4B82-BF5A-25578717F904}.Test|Any CPU.ActiveCfg = Test|Any CPU
		{4049F353-A3D2-4B82-BF5A-25578717F904}.Test|Any CPU.Build.0 = Test|Any CPU
		{4049F353-A3D2-4B82-BF5A-25578717F904}.WithRestServices|Any CPU.ActiveCfg = WithRestServices|Any CPU
		{4049F353-A3D2-4B82-BF5A-25578717F904}.WithRestServices|Any CPU.Build.0 = WithRestServices|Any CPU
		{66CDCDC4-9F60-4F9B-9E31-4E23B76BD146}.Acceptance|Any CPU.ActiveCfg = Test|Any CPU
		{66CDCDC4-9F60-4F9B-9E31-4E23B76BD146}.Acceptance|Any CPU.Build.0 = Test|Any CPU
		{66CDCDC4-9F60-4F9B-9E31-4E23B76BD146}.Debug|Any CPU.ActiveCfg = Debug|Any CPU
		{66CDCDC4-9F60-4F9B-9E31-4E23B76BD146}.Debug|Any CPU.Build.0 = Debug|Any CPU
		{66CDCDC4-9F60-4F9B-9E31-4E23B76BD146}.Live|Any CPU.ActiveCfg = Live|Any CPU
		{66CDCDC4-9F60-4F9B-9E31-4E23B76BD146}.Live|Any CPU.Build.0 = Live|Any CPU
		{66CDCDC4-9F60-4F9B-9E31-4E23B76BD146}.Release|Any CPU.ActiveCfg = Release|Any CPU
		{66CDCDC4-9F60-4F9B-9E31-4E23B76BD146}.Release|Any CPU.Build.0 = Release|Any CPU
		{66CDCDC4-9F60-4F9B-9E31-4E23B76BD146}.Staging|Any CPU.ActiveCfg = Test|Any CPU
		{66CDCDC4-9F60-4F9B-9E31-4E23B76BD146}.Staging|Any CPU.Build.0 = Test|Any CPU
		{66CDCDC4-9F60-4F9B-9E31-4E23B76BD146}.Test|Any CPU.ActiveCfg = Test|Any CPU
		{66CDCDC4-9F60-4F9B-9E31-4E23B76BD146}.Test|Any CPU.Build.0 = Test|Any CPU
		{66CDCDC4-9F60-4F9B-9E31-4E23B76BD146}.WithRestServices|Any CPU.ActiveCfg = WithRestServices|Any CPU
		{66CDCDC4-9F60-4F9B-9E31-4E23B76BD146}.WithRestServices|Any CPU.Build.0 = WithRestServices|Any CPU
		{3B03CAF2-AC3B-4682-9C76-9AA9F4A25321}.Acceptance|Any CPU.ActiveCfg = Test|Any CPU
		{3B03CAF2-AC3B-4682-9C76-9AA9F4A25321}.Acceptance|Any CPU.Build.0 = Test|Any CPU
		{3B03CAF2-AC3B-4682-9C76-9AA9F4A25321}.Debug|Any CPU.ActiveCfg = Debug|Any CPU
		{3B03CAF2-AC3B-4682-9C76-9AA9F4A25321}.Debug|Any CPU.Build.0 = Debug|Any CPU
		{3B03CAF2-AC3B-4682-9C76-9AA9F4A25321}.Live|Any CPU.ActiveCfg = Test|Any CPU
		{3B03CAF2-AC3B-4682-9C76-9AA9F4A25321}.Live|Any CPU.Build.0 = Test|Any CPU
		{3B03CAF2-AC3B-4682-9C76-9AA9F4A25321}.Release|Any CPU.ActiveCfg = Release|Any CPU
		{3B03CAF2-AC3B-4682-9C76-9AA9F4A25321}.Release|Any CPU.Build.0 = Release|Any CPU
		{3B03CAF2-AC3B-4682-9C76-9AA9F4A25321}.Staging|Any CPU.ActiveCfg = Test|Any CPU
		{3B03CAF2-AC3B-4682-9C76-9AA9F4A25321}.Staging|Any CPU.Build.0 = Test|Any CPU
		{3B03CAF2-AC3B-4682-9C76-9AA9F4A25321}.Test|Any CPU.ActiveCfg = Test|Any CPU
		{3B03CAF2-AC3B-4682-9C76-9AA9F4A25321}.Test|Any CPU.Build.0 = Test|Any CPU
		{3B03CAF2-AC3B-4682-9C76-9AA9F4A25321}.WithRestServices|Any CPU.ActiveCfg = Test|Any CPU
		{3B03CAF2-AC3B-4682-9C76-9AA9F4A25321}.WithRestServices|Any CPU.Build.0 = Test|Any CPU
		{DDA7CF44-49A9-4E92-BA4F-65488C003CEF}.Acceptance|Any CPU.ActiveCfg = Test|Any CPU
		{DDA7CF44-49A9-4E92-BA4F-65488C003CEF}.Acceptance|Any CPU.Build.0 = Test|Any CPU
		{DDA7CF44-49A9-4E92-BA4F-65488C003CEF}.Debug|Any CPU.ActiveCfg = Debug|Any CPU
		{DDA7CF44-49A9-4E92-BA4F-65488C003CEF}.Debug|Any CPU.Build.0 = Debug|Any CPU
		{DDA7CF44-49A9-4E92-BA4F-65488C003CEF}.Live|Any CPU.ActiveCfg = Test|Any CPU
		{DDA7CF44-49A9-4E92-BA4F-65488C003CEF}.Live|Any CPU.Build.0 = Test|Any CPU
		{DDA7CF44-49A9-4E92-BA4F-65488C003CEF}.Release|Any CPU.ActiveCfg = Release|Any CPU
		{DDA7CF44-49A9-4E92-BA4F-65488C003CEF}.Release|Any CPU.Build.0 = Release|Any CPU
		{DDA7CF44-49A9-4E92-BA4F-65488C003CEF}.Staging|Any CPU.ActiveCfg = Test|Any CPU
		{DDA7CF44-49A9-4E92-BA4F-65488C003CEF}.Staging|Any CPU.Build.0 = Test|Any CPU
		{DDA7CF44-49A9-4E92-BA4F-65488C003CEF}.Test|Any CPU.ActiveCfg = Test|Any CPU
		{DDA7CF44-49A9-4E92-BA4F-65488C003CEF}.Test|Any CPU.Build.0 = Test|Any CPU
		{DDA7CF44-49A9-4E92-BA4F-65488C003CEF}.WithRestServices|Any CPU.ActiveCfg = Test|Any CPU
		{DDA7CF44-49A9-4E92-BA4F-65488C003CEF}.WithRestServices|Any CPU.Build.0 = Test|Any CPU
		{675BEBA7-9580-4B39-96FC-5E0ED60D9CD6}.Acceptance|Any CPU.ActiveCfg = Test|Any CPU
		{675BEBA7-9580-4B39-96FC-5E0ED60D9CD6}.Acceptance|Any CPU.Build.0 = Test|Any CPU
		{675BEBA7-9580-4B39-96FC-5E0ED60D9CD6}.Debug|Any CPU.ActiveCfg = Debug|Any CPU
		{675BEBA7-9580-4B39-96FC-5E0ED60D9CD6}.Debug|Any CPU.Build.0 = Debug|Any CPU
		{675BEBA7-9580-4B39-96FC-5E0ED60D9CD6}.Live|Any CPU.ActiveCfg = Test|Any CPU
		{675BEBA7-9580-4B39-96FC-5E0ED60D9CD6}.Live|Any CPU.Build.0 = Test|Any CPU
		{675BEBA7-9580-4B39-96FC-5E0ED60D9CD6}.Release|Any CPU.ActiveCfg = Release|Any CPU
		{675BEBA7-9580-4B39-96FC-5E0ED60D9CD6}.Release|Any CPU.Build.0 = Release|Any CPU
		{675BEBA7-9580-4B39-96FC-5E0ED60D9CD6}.Staging|Any CPU.ActiveCfg = Test|Any CPU
		{675BEBA7-9580-4B39-96FC-5E0ED60D9CD6}.Staging|Any CPU.Build.0 = Test|Any CPU
		{675BEBA7-9580-4B39-96FC-5E0ED60D9CD6}.Test|Any CPU.ActiveCfg = Test|Any CPU
		{675BEBA7-9580-4B39-96FC-5E0ED60D9CD6}.Test|Any CPU.Build.0 = Test|Any CPU
		{675BEBA7-9580-4B39-96FC-5E0ED60D9CD6}.WithRestServices|Any CPU.ActiveCfg = Test|Any CPU
		{675BEBA7-9580-4B39-96FC-5E0ED60D9CD6}.WithRestServices|Any CPU.Build.0 = Test|Any CPU
		{6B41D66F-0003-45EC-9692-023F9FCA62E8}.Acceptance|Any CPU.ActiveCfg = Acceptance|Any CPU
		{6B41D66F-0003-45EC-9692-023F9FCA62E8}.Acceptance|Any CPU.Build.0 = Acceptance|Any CPU
		{6B41D66F-0003-45EC-9692-023F9FCA62E8}.Debug|Any CPU.ActiveCfg = Debug|Any CPU
		{6B41D66F-0003-45EC-9692-023F9FCA62E8}.Debug|Any CPU.Build.0 = Debug|Any CPU
		{6B41D66F-0003-45EC-9692-023F9FCA62E8}.Live|Any CPU.ActiveCfg = Acceptance|Any CPU
		{6B41D66F-0003-45EC-9692-023F9FCA62E8}.Live|Any CPU.Build.0 = Acceptance|Any CPU
		{6B41D66F-0003-45EC-9692-023F9FCA62E8}.Release|Any CPU.ActiveCfg = Release|Any CPU
		{6B41D66F-0003-45EC-9692-023F9FCA62E8}.Release|Any CPU.Build.0 = Release|Any CPU
		{6B41D66F-0003-45EC-9692-023F9FCA62E8}.Staging|Any CPU.ActiveCfg = Staging|Any CPU
		{6B41D66F-0003-45EC-9692-023F9FCA62E8}.Staging|Any CPU.Build.0 = Staging|Any CPU
		{6B41D66F-0003-45EC-9692-023F9FCA62E8}.Test|Any CPU.ActiveCfg = Test|Any CPU
		{6B41D66F-0003-45EC-9692-023F9FCA62E8}.Test|Any CPU.Build.0 = Test|Any CPU
		{6B41D66F-0003-45EC-9692-023F9FCA62E8}.WithRestServices|Any CPU.ActiveCfg = Acceptance|Any CPU
		{6B41D66F-0003-45EC-9692-023F9FCA62E8}.WithRestServices|Any CPU.Build.0 = Acceptance|Any CPU
		{CFD08804-A078-4D4E-80AF-8A9153B3A55E}.Acceptance|Any CPU.ActiveCfg = Test|Any CPU
		{CFD08804-A078-4D4E-80AF-8A9153B3A55E}.Acceptance|Any CPU.Build.0 = Test|Any CPU
		{CFD08804-A078-4D4E-80AF-8A9153B3A55E}.Debug|Any CPU.ActiveCfg = Debug|Any CPU
		{CFD08804-A078-4D4E-80AF-8A9153B3A55E}.Debug|Any CPU.Build.0 = Debug|Any CPU
		{CFD08804-A078-4D4E-80AF-8A9153B3A55E}.Live|Any CPU.ActiveCfg = Live|Any CPU
		{CFD08804-A078-4D4E-80AF-8A9153B3A55E}.Live|Any CPU.Build.0 = Live|Any CPU
		{CFD08804-A078-4D4E-80AF-8A9153B3A55E}.Release|Any CPU.ActiveCfg = Release|Any CPU
		{CFD08804-A078-4D4E-80AF-8A9153B3A55E}.Release|Any CPU.Build.0 = Release|Any CPU
		{CFD08804-A078-4D4E-80AF-8A9153B3A55E}.Staging|Any CPU.ActiveCfg = Test|Any CPU
		{CFD08804-A078-4D4E-80AF-8A9153B3A55E}.Staging|Any CPU.Build.0 = Test|Any CPU
		{CFD08804-A078-4D4E-80AF-8A9153B3A55E}.Test|Any CPU.ActiveCfg = Test|Any CPU
		{CFD08804-A078-4D4E-80AF-8A9153B3A55E}.Test|Any CPU.Build.0 = Test|Any CPU
		{CFD08804-A078-4D4E-80AF-8A9153B3A55E}.WithRestServices|Any CPU.ActiveCfg = WithRestServices|Any CPU
		{CFD08804-A078-4D4E-80AF-8A9153B3A55E}.WithRestServices|Any CPU.Build.0 = WithRestServices|Any CPU
		{4E597FB7-4706-45E2-9F9F-BAED246F06C4}.Acceptance|Any CPU.ActiveCfg = Test|Any CPU
		{4E597FB7-4706-45E2-9F9F-BAED246F06C4}.Acceptance|Any CPU.Build.0 = Test|Any CPU
		{4E597FB7-4706-45E2-9F9F-BAED246F06C4}.Debug|Any CPU.ActiveCfg = Debug|Any CPU
		{4E597FB7-4706-45E2-9F9F-BAED246F06C4}.Debug|Any CPU.Build.0 = Debug|Any CPU
		{4E597FB7-4706-45E2-9F9F-BAED246F06C4}.Live|Any CPU.ActiveCfg = Test|Any CPU
		{4E597FB7-4706-45E2-9F9F-BAED246F06C4}.Live|Any CPU.Build.0 = Test|Any CPU
		{4E597FB7-4706-45E2-9F9F-BAED246F06C4}.Release|Any CPU.ActiveCfg = Release|Any CPU
		{4E597FB7-4706-45E2-9F9F-BAED246F06C4}.Release|Any CPU.Build.0 = Release|Any CPU
		{4E597FB7-4706-45E2-9F9F-BAED246F06C4}.Staging|Any CPU.ActiveCfg = Test|Any CPU
		{4E597FB7-4706-45E2-9F9F-BAED246F06C4}.Staging|Any CPU.Build.0 = Test|Any CPU
		{4E597FB7-4706-45E2-9F9F-BAED246F06C4}.Test|Any CPU.ActiveCfg = Test|Any CPU
		{4E597FB7-4706-45E2-9F9F-BAED246F06C4}.Test|Any CPU.Build.0 = Test|Any CPU
		{4E597FB7-4706-45E2-9F9F-BAED246F06C4}.WithRestServices|Any CPU.ActiveCfg = Test|Any CPU
		{4E597FB7-4706-45E2-9F9F-BAED246F06C4}.WithRestServices|Any CPU.Build.0 = Test|Any CPU
		{AEE76B68-8EE3-49A1-8AED-809288568D64}.Acceptance|Any CPU.ActiveCfg = Test|Any CPU
		{AEE76B68-8EE3-49A1-8AED-809288568D64}.Acceptance|Any CPU.Build.0 = Test|Any CPU
		{AEE76B68-8EE3-49A1-8AED-809288568D64}.Debug|Any CPU.ActiveCfg = Debug|Any CPU
		{AEE76B68-8EE3-49A1-8AED-809288568D64}.Debug|Any CPU.Build.0 = Debug|Any CPU
		{AEE76B68-8EE3-49A1-8AED-809288568D64}.Live|Any CPU.ActiveCfg = Test|Any CPU
		{AEE76B68-8EE3-49A1-8AED-809288568D64}.Live|Any CPU.Build.0 = Test|Any CPU
		{AEE76B68-8EE3-49A1-8AED-809288568D64}.Release|Any CPU.ActiveCfg = Release|Any CPU
		{AEE76B68-8EE3-49A1-8AED-809288568D64}.Release|Any CPU.Build.0 = Release|Any CPU
		{AEE76B68-8EE3-49A1-8AED-809288568D64}.Staging|Any CPU.ActiveCfg = Test|Any CPU
		{AEE76B68-8EE3-49A1-8AED-809288568D64}.Staging|Any CPU.Build.0 = Test|Any CPU
		{AEE76B68-8EE3-49A1-8AED-809288568D64}.Test|Any CPU.ActiveCfg = Test|Any CPU
		{AEE76B68-8EE3-49A1-8AED-809288568D64}.Test|Any CPU.Build.0 = Test|Any CPU
		{AEE76B68-8EE3-49A1-8AED-809288568D64}.WithRestServices|Any CPU.ActiveCfg = Test|Any CPU
		{AEE76B68-8EE3-49A1-8AED-809288568D64}.WithRestServices|Any CPU.Build.0 = Test|Any CPU
		{25AE1B5A-F475-4C2B-923D-7351EA677D51}.Acceptance|Any CPU.ActiveCfg = Test|Any CPU
		{25AE1B5A-F475-4C2B-923D-7351EA677D51}.Acceptance|Any CPU.Build.0 = Test|Any CPU
		{25AE1B5A-F475-4C2B-923D-7351EA677D51}.Debug|Any CPU.ActiveCfg = Debug|Any CPU
		{25AE1B5A-F475-4C2B-923D-7351EA677D51}.Debug|Any CPU.Build.0 = Debug|Any CPU
		{25AE1B5A-F475-4C2B-923D-7351EA677D51}.Live|Any CPU.ActiveCfg = Test|Any CPU
		{25AE1B5A-F475-4C2B-923D-7351EA677D51}.Live|Any CPU.Build.0 = Test|Any CPU
		{25AE1B5A-F475-4C2B-923D-7351EA677D51}.Release|Any CPU.ActiveCfg = Release|Any CPU
		{25AE1B5A-F475-4C2B-923D-7351EA677D51}.Release|Any CPU.Build.0 = Release|Any CPU
		{25AE1B5A-F475-4C2B-923D-7351EA677D51}.Staging|Any CPU.ActiveCfg = Test|Any CPU
		{25AE1B5A-F475-4C2B-923D-7351EA677D51}.Staging|Any CPU.Build.0 = Test|Any CPU
		{25AE1B5A-F475-4C2B-923D-7351EA677D51}.Test|Any CPU.ActiveCfg = Test|Any CPU
		{25AE1B5A-F475-4C2B-923D-7351EA677D51}.Test|Any CPU.Build.0 = Test|Any CPU
		{25AE1B5A-F475-4C2B-923D-7351EA677D51}.WithRestServices|Any CPU.ActiveCfg = Test|Any CPU
		{25AE1B5A-F475-4C2B-923D-7351EA677D51}.WithRestServices|Any CPU.Build.0 = Test|Any CPU
		{98DE4FCF-B1B1-4A1A-90E4-F4D29D341585}.Acceptance|Any CPU.ActiveCfg = Test|Any CPU
		{98DE4FCF-B1B1-4A1A-90E4-F4D29D341585}.Acceptance|Any CPU.Build.0 = Test|Any CPU
		{98DE4FCF-B1B1-4A1A-90E4-F4D29D341585}.Debug|Any CPU.ActiveCfg = Debug|Any CPU
		{98DE4FCF-B1B1-4A1A-90E4-F4D29D341585}.Debug|Any CPU.Build.0 = Debug|Any CPU
		{98DE4FCF-B1B1-4A1A-90E4-F4D29D341585}.Live|Any CPU.ActiveCfg = Test|Any CPU
		{98DE4FCF-B1B1-4A1A-90E4-F4D29D341585}.Live|Any CPU.Build.0 = Test|Any CPU
		{98DE4FCF-B1B1-4A1A-90E4-F4D29D341585}.Release|Any CPU.ActiveCfg = Release|Any CPU
		{98DE4FCF-B1B1-4A1A-90E4-F4D29D341585}.Release|Any CPU.Build.0 = Release|Any CPU
		{98DE4FCF-B1B1-4A1A-90E4-F4D29D341585}.Staging|Any CPU.ActiveCfg = Test|Any CPU
		{98DE4FCF-B1B1-4A1A-90E4-F4D29D341585}.Staging|Any CPU.Build.0 = Test|Any CPU
		{98DE4FCF-B1B1-4A1A-90E4-F4D29D341585}.Test|Any CPU.ActiveCfg = Test|Any CPU
		{98DE4FCF-B1B1-4A1A-90E4-F4D29D341585}.Test|Any CPU.Build.0 = Test|Any CPU
		{98DE4FCF-B1B1-4A1A-90E4-F4D29D341585}.WithRestServices|Any CPU.ActiveCfg = Test|Any CPU
		{98DE4FCF-B1B1-4A1A-90E4-F4D29D341585}.WithRestServices|Any CPU.Build.0 = Test|Any CPU
		{EA58BDDA-34F5-4B48-B2F3-4E4CCE2B66EE}.Acceptance|Any CPU.ActiveCfg = Test|Any CPU
		{EA58BDDA-34F5-4B48-B2F3-4E4CCE2B66EE}.Acceptance|Any CPU.Build.0 = Test|Any CPU
		{EA58BDDA-34F5-4B48-B2F3-4E4CCE2B66EE}.Debug|Any CPU.ActiveCfg = Debug|Any CPU
		{EA58BDDA-34F5-4B48-B2F3-4E4CCE2B66EE}.Debug|Any CPU.Build.0 = Debug|Any CPU
		{EA58BDDA-34F5-4B48-B2F3-4E4CCE2B66EE}.Live|Any CPU.ActiveCfg = Test|Any CPU
		{EA58BDDA-34F5-4B48-B2F3-4E4CCE2B66EE}.Live|Any CPU.Build.0 = Test|Any CPU
		{EA58BDDA-34F5-4B48-B2F3-4E4CCE2B66EE}.Release|Any CPU.ActiveCfg = Release|Any CPU
		{EA58BDDA-34F5-4B48-B2F3-4E4CCE2B66EE}.Release|Any CPU.Build.0 = Release|Any CPU
		{EA58BDDA-34F5-4B48-B2F3-4E4CCE2B66EE}.Staging|Any CPU.ActiveCfg = Test|Any CPU
		{EA58BDDA-34F5-4B48-B2F3-4E4CCE2B66EE}.Staging|Any CPU.Build.0 = Test|Any CPU
		{EA58BDDA-34F5-4B48-B2F3-4E4CCE2B66EE}.Test|Any CPU.ActiveCfg = Test|Any CPU
		{EA58BDDA-34F5-4B48-B2F3-4E4CCE2B66EE}.Test|Any CPU.Build.0 = Test|Any CPU
		{EA58BDDA-34F5-4B48-B2F3-4E4CCE2B66EE}.WithRestServices|Any CPU.ActiveCfg = Test|Any CPU
		{EA58BDDA-34F5-4B48-B2F3-4E4CCE2B66EE}.WithRestServices|Any CPU.Build.0 = Test|Any CPU
		{26429E35-64CC-4E1E-ABD1-BF08AEA9D986}.Acceptance|Any CPU.ActiveCfg = Release|Any CPU
		{26429E35-64CC-4E1E-ABD1-BF08AEA9D986}.Acceptance|Any CPU.Build.0 = Release|Any CPU
		{26429E35-64CC-4E1E-ABD1-BF08AEA9D986}.Debug|Any CPU.ActiveCfg = Debug|Any CPU
		{26429E35-64CC-4E1E-ABD1-BF08AEA9D986}.Debug|Any CPU.Build.0 = Debug|Any CPU
		{26429E35-64CC-4E1E-ABD1-BF08AEA9D986}.Live|Any CPU.ActiveCfg = Release|Any CPU
		{26429E35-64CC-4E1E-ABD1-BF08AEA9D986}.Live|Any CPU.Build.0 = Release|Any CPU
		{26429E35-64CC-4E1E-ABD1-BF08AEA9D986}.Release|Any CPU.ActiveCfg = Release|Any CPU
		{26429E35-64CC-4E1E-ABD1-BF08AEA9D986}.Release|Any CPU.Build.0 = Release|Any CPU
		{26429E35-64CC-4E1E-ABD1-BF08AEA9D986}.Staging|Any CPU.ActiveCfg = Release|Any CPU
		{26429E35-64CC-4E1E-ABD1-BF08AEA9D986}.Staging|Any CPU.Build.0 = Release|Any CPU
		{26429E35-64CC-4E1E-ABD1-BF08AEA9D986}.Test|Any CPU.ActiveCfg = Release|Any CPU
		{26429E35-64CC-4E1E-ABD1-BF08AEA9D986}.Test|Any CPU.Build.0 = Release|Any CPU
		{26429E35-64CC-4E1E-ABD1-BF08AEA9D986}.WithRestServices|Any CPU.ActiveCfg = Release|Any CPU
		{26429E35-64CC-4E1E-ABD1-BF08AEA9D986}.WithRestServices|Any CPU.Build.0 = Release|Any CPU
	EndGlobalSection
	GlobalSection(SolutionProperties) = preSolution
		HideSolutionNode = FALSE
	EndGlobalSection
	GlobalSection(NestedProjects) = preSolution
		{26429E35-64CC-4E1E-ABD1-BF08AEA9D986} = {6AE7F560-17C9-4D76-B9AC-D8FCD58BDA93}
	EndGlobalSection
EndGlobal
