
Microsoft Visual Studio Solution File, Format Version 12.00
# Visual Studio 2012
Project("{FAE04EC0-301F-11D3-BF4B-00C04F79EFBC}") = "NotCSS", "NotCSS\NotCSS.csproj", "{AE43D0D5-A47D-4C37-9FB5-982518A9A41D}"
EndProject
Global
	GlobalSection(SolutionConfigurationPlatforms) = preSolution
		Debug|Any CPU = Debug|Any CPU
		Release|Any CPU = Release|Any CPU
	EndGlobalSection
	GlobalSection(ProjectConfigurationPlatforms) = postSolution
		{AE43D0D5-A47D-4C37-9FB5-982518A9A41D}.Debug|Any CPU.ActiveCfg = Debug|Any CPU
		{AE43D0D5-A47D-4C37-9FB5-982518A9A41D}.Debug|Any CPU.Build.0 = Debug|Any CPU
		{AE43D0D5-A47D-4C37-9FB5-982518A9A41D}.Release|Any CPU.ActiveCfg = Release|Any CPU
		{AE43D0D5-A47D-4C37-9FB5-982518A9A41D}.Release|Any CPU.Build.0 = Release|Any CPU
	EndGlobalSection
	GlobalSection(SolutionProperties) = preSolution
		HideSolutionNode = FALSE
	EndGlobalSection
EndGlobal
