
Microsoft Visual Studio Solution File, Format Version 12.00
# Visual Studio 2013
VisualStudioVersion = 12.0.30501.0
MinimumVisualStudioVersion = 10.0.40219.1
Project("{FAE04EC0-301F-11D3-BF4B-00C04F79EFBC}") = "Calculator", "Calculator\Calculator.csproj", "{CF983E3A-71A5-419E-A010-DD5D36699952}"
EndProject
Project("{FAE04EC0-301F-11D3-BF4B-00C04F79EFBC}") = "CalcService", "CalcService\CalcService.csproj", "{9DE6AF19-1CCC-4D78-B9BD-87C11707B748}"
EndProject
Project("{FAE04EC0-301F-11D3-BF4B-00C04F79EFBC}") = "CalcClient", "CalcClient\CalcClient.csproj", "{ED926D37-4877-4E04-9965-FFF3392B54B8}"
EndProject
Global
	GlobalSection(SolutionConfigurationPlatforms) = preSolution
		Debug|Any CPU = Debug|Any CPU
		Release|Any CPU = Release|Any CPU
	EndGlobalSection
	GlobalSection(ProjectConfigurationPlatforms) = postSolution
		{CF983E3A-71A5-419E-A010-DD5D36699952}.Debug|Any CPU.ActiveCfg = Debug|Any CPU
		{CF983E3A-71A5-419E-A010-DD5D36699952}.Debug|Any CPU.Build.0 = Debug|Any CPU
		{CF983E3A-71A5-419E-A010-DD5D36699952}.Release|Any CPU.ActiveCfg = Release|Any CPU
		{CF983E3A-71A5-419E-A010-DD5D36699952}.Release|Any CPU.Build.0 = Release|Any CPU
		{9DE6AF19-1CCC-4D78-B9BD-87C11707B748}.Debug|Any CPU.ActiveCfg = Debug|Any CPU
		{9DE6AF19-1CCC-4D78-B9BD-87C11707B748}.Debug|Any CPU.Build.0 = Debug|Any CPU
		{9DE6AF19-1CCC-4D78-B9BD-87C11707B748}.Release|Any CPU.ActiveCfg = Release|Any CPU
		{9DE6AF19-1CCC-4D78-B9BD-87C11707B748}.Release|Any CPU.Build.0 = Release|Any CPU
		{ED926D37-4877-4E04-9965-FFF3392B54B8}.Debug|Any CPU.ActiveCfg = Debug|Any CPU
		{ED926D37-4877-4E04-9965-FFF3392B54B8}.Debug|Any CPU.Build.0 = Debug|Any CPU
		{ED926D37-4877-4E04-9965-FFF3392B54B8}.Release|Any CPU.ActiveCfg = Release|Any CPU
		{ED926D37-4877-4E04-9965-FFF3392B54B8}.Release|Any CPU.Build.0 = Release|Any CPU
	EndGlobalSection
	GlobalSection(SolutionProperties) = preSolution
		HideSolutionNode = FALSE
	EndGlobalSection
EndGlobal
